
Microsoft Visual Studio Solution File, Format Version 12.00
# Visual Studio Version 16
VisualStudioVersion = 16.0.30717.126
MinimumVisualStudioVersion = 10.0.40219.1
Project("{2150E333-8FDC-42A3-9474-1A3956D46DE8}") = "SOLID", "SOLID", "{C63DFE4E-3015-430D-9545-16C7915D7F54}"
EndProject
Project("{9A19103F-16F7-4668-BE54-9A1E7A4F7556}") = "SRP", "SOLID\SRP\SRP.csproj", "{B1BC01C9-C2AC-4441-9F34-194F9125F085}"
EndProject
Project("{9A19103F-16F7-4668-BE54-9A1E7A4F7556}") = "OCP", "SOLID\OCP\OCP.csproj", "{990CD0FE-4277-4AB9-9BF2-A6F59823B6C7}"
EndProject
Project("{9A19103F-16F7-4668-BE54-9A1E7A4F7556}") = "LSP", "SOLID\LSP\LSP.csproj", "{9EA8E49C-B27E-4DC0-962F-62A86A9786DE}"
EndProject
Project("{9A19103F-16F7-4668-BE54-9A1E7A4F7556}") = "ISP", "SOLID\ISP\ISP.csproj", "{4FE3F7D5-8204-469C-98DE-7000EC96EA07}"
EndProject
Project("{9A19103F-16F7-4668-BE54-9A1E7A4F7556}") = "DIP", "SOLID\DIP\DIP.csproj", "{995E627F-08DF-4101-B399-F3CBE2DBA816}"
EndProject
Project("{2150E333-8FDC-42A3-9474-1A3956D46DE8}") = "Builder", "Builder", "{77B03D97-41CC-45B1-9C70-6326B050025F}"
EndProject
Project("{2150E333-8FDC-42A3-9474-1A3956D46DE8}") = "Factories", "Factories", "{68539425-61D2-4F8B-A455-7F390557CBB7}"
EndProject
Project("{2150E333-8FDC-42A3-9474-1A3956D46DE8}") = "Structural", "Structural", "{AECBFA50-ADEC-49E4-AF94-CF5058908EF7}"
EndProject
Project("{2150E333-8FDC-42A3-9474-1A3956D46DE8}") = "Facad", "Facad", "{82F39A96-1D77-4529-AF44-8785D7E874DD}"
EndProject
Project("{9A19103F-16F7-4668-BE54-9A1E7A4F7556}") = "FacadExcercise", "Structural\Facad\FacadExcercise\FacadExcercise.csproj", "{2678672E-A65A-4D96-A6A1-A918F415B744}"
EndProject
Project("{2150E333-8FDC-42A3-9474-1A3956D46DE8}") = "Creational", "Creational", "{3D6DA124-F0D7-450E-9FC0-A6F55993B0C0}"
EndProject
Project("{2150E333-8FDC-42A3-9474-1A3956D46DE8}") = "FlyWeight", "FlyWeight", "{0F4160E3-A5B3-4D57-8D99-9C47B1C8EDF5}"
EndProject
Project("{9A19103F-16F7-4668-BE54-9A1E7A4F7556}") = "TextFormatting", "Structural\FlyWeight\TextFormatting\TextFormatting.csproj", "{4FE7349F-909B-4E30-A3D0-1216427F6080}"
EndProject
Project("{9A19103F-16F7-4668-BE54-9A1E7A4F7556}") = "Users", "Structural\FlyWeight\Users\Users.csproj", "{EC7D7C9A-542B-4823-B186-31F183663AB1}"
EndProject
Project("{9A19103F-16F7-4668-BE54-9A1E7A4F7556}") = "FlyWeight.CodeingExcercise", "Structural\FlyWeight\FlyWeight.CodeingExcercise\FlyWeight.CodeingExcercise.csproj", "{7FCE2F22-4121-416E-92AA-F78214FFBC3E}"
EndProject
Project("{2150E333-8FDC-42A3-9474-1A3956D46DE8}") = "Proxy", "Proxy", "{E6D36D06-D2EF-47A0-8D9C-50CBD1F6C52B}"
EndProject
Project("{9A19103F-16F7-4668-BE54-9A1E7A4F7556}") = "ProtectionProxy", "Structural\Proxy\ProtectionProxy\ProtectionProxy.csproj", "{321115BA-A93B-4FE0-AB8F-3D5493B3909B}"
EndProject
Project("{9A19103F-16F7-4668-BE54-9A1E7A4F7556}") = "PropertyProxy", "Structural\Proxy\PropertyProxy\PropertyProxy.csproj", "{ECE8DE40-E6E0-4995-B641-C2967214363E}"
EndProject
Project("{9A19103F-16F7-4668-BE54-9A1E7A4F7556}") = "ValueProxy", "Structural\Proxy\ValueProxy\ValueProxy.csproj", "{C1545013-B758-4224-A903-24B35E804DC7}"
EndProject
Project("{9A19103F-16F7-4668-BE54-9A1E7A4F7556}") = "CompositeProxy", "Structural\Proxy\CompositeProxy\CompositeProxy.csproj", "{69F79B53-B095-44E1-B04F-9FDA9FA95142}"
EndProject
Project("{9A19103F-16F7-4668-BE54-9A1E7A4F7556}") = "CompositeArrayBacked", "Structural\Proxy\CompositeArrayBacked\CompositeArrayBacked.csproj", "{8D43FC86-BAEC-46E9-ACBB-D4DBFE91076C}"
EndProject
Project("{9A19103F-16F7-4668-BE54-9A1E7A4F7556}") = "ViewModel", "Structural\Proxy\ViewModel\ViewModel.csproj", "{BAA5BC7E-8FEA-43C4-8F1F-1028B8565FD9}"
EndProject
Project("{9A19103F-16F7-4668-BE54-9A1E7A4F7556}") = "ProxyCodingExcercise", "Structural\Proxy\ProxyCodingExcercise\ProxyCodingExcercise.csproj", "{E1E8EAE3-1D2F-4944-BF17-5EEB80F06A01}"
EndProject
Project("{2150E333-8FDC-42A3-9474-1A3956D46DE8}") = "Behavioral", "Behavioral", "{71E720AA-0ADA-4315-A5AA-6CFB0CA1E823}"
EndProject
Project("{2150E333-8FDC-42A3-9474-1A3956D46DE8}") = "ChainOfResponsibility", "ChainOfResponsibility", "{DEB9CC67-1AC0-4043-8E39-B972E0FC4EBA}"
EndProject
Project("{2150E333-8FDC-42A3-9474-1A3956D46DE8}") = "Command", "Command", "{D2C9CC03-1212-4246-BD41-DCC70B335D08}"
EndProject
Project("{2150E333-8FDC-42A3-9474-1A3956D46DE8}") = "Interpreter", "Interpreter", "{B586976D-4A03-43EF-A72D-9135E7E9947C}"
EndProject
Project("{2150E333-8FDC-42A3-9474-1A3956D46DE8}") = "Iterator", "Iterator", "{768CE17C-D030-4264-825D-68A5357179E7}"
EndProject
Project("{2150E333-8FDC-42A3-9474-1A3956D46DE8}") = "Mediator", "Mediator", "{86D742B5-38BF-4994-AFD8-79AD97F5E230}"
EndProject
Project("{2150E333-8FDC-42A3-9474-1A3956D46DE8}") = "Memopost", "Memopost", "{0AD8EF5C-66D5-47D2-8F2A-389B5A9477DF}"
EndProject
Project("{2150E333-8FDC-42A3-9474-1A3956D46DE8}") = "NullObject", "NullObject", "{BAB8EA8E-E9F3-44DA-9A9B-3DBB5613F7F0}"
EndProject
Project("{2150E333-8FDC-42A3-9474-1A3956D46DE8}") = "Observer", "Observer", "{B7E27084-B66E-46A7-BCEB-E27559F940F7}"
EndProject
Project("{2150E333-8FDC-42A3-9474-1A3956D46DE8}") = "State", "State", "{2D4501C8-5234-4E0A-B632-135B7525029A}"
EndProject
Project("{2150E333-8FDC-42A3-9474-1A3956D46DE8}") = "Strategy", "Strategy", "{8AD3653D-281D-40DD-AE27-9A8DC2D28894}"
EndProject
Project("{2150E333-8FDC-42A3-9474-1A3956D46DE8}") = "TemplateMethod", "TemplateMethod", "{77D1D12F-B5E9-4B58-8912-6EBD83BB27C5}"
EndProject
Project("{2150E333-8FDC-42A3-9474-1A3956D46DE8}") = "Visitor", "Visitor", "{089CF3BE-3D63-4ED4-8579-A041C6CF58A5}"
EndProject
Project("{9A19103F-16F7-4668-BE54-9A1E7A4F7556}") = "BuilderBasic", "Creational\Builder\BuilderBasic\BuilderBasic.csproj", "{FDB82192-F128-406D-92E5-B7264C7C22D8}"
EndProject
Project("{9A19103F-16F7-4668-BE54-9A1E7A4F7556}") = "BuilderFacets", "Creational\Builder\BuilderFacets\BuilderFacets.csproj", "{8EF98036-C0F3-4872-9B3D-ADFB8401BF48}"
EndProject
Project("{9A19103F-16F7-4668-BE54-9A1E7A4F7556}") = "BuilderInheritance", "Creational\Builder\BuilderInheritance\BuilderInheritance.csproj", "{AAEE4068-9072-4FED-951D-59B12048D24D}"
EndProject
Project("{9A19103F-16F7-4668-BE54-9A1E7A4F7556}") = "FunctionalBuilder", "Creational\Builder\FunctionalBuilder\FunctionalBuilder.csproj", "{57EA6FB7-CAC2-435C-BB3C-12BF83676933}"
EndProject
Project("{9A19103F-16F7-4668-BE54-9A1E7A4F7556}") = "Factory", "Creational\Factories\Factory\Factory.csproj", "{8E5BC42D-F49D-431B-A0C0-112F5A9F5C8C}"
EndProject
Project("{9A19103F-16F7-4668-BE54-9A1E7A4F7556}") = "AbstractFactory", "Creational\Factories\AbstractFactory\AbstractFactory.csproj", "{95071AC5-A35E-4672-BAD0-BE90D7F737BE}"
EndProject
Project("{9A19103F-16F7-4668-BE54-9A1E7A4F7556}") = "DyanamicProxy", "Structural\Proxy\DyanamicProxy\DyanamicProxy.csproj", "{37D67F91-2063-4D82-BD85-C5385BF22898}"
EndProject
Project("{2150E333-8FDC-42A3-9474-1A3956D46DE8}") = "Prototype", "Prototype", "{E8671E3C-9891-47AC-8ED5-A21B44CD0139}"
EndProject
Project("{9A19103F-16F7-4668-BE54-9A1E7A4F7556}") = "ICloneable", "Creational\Prototype\ICloneable\ICloneable.csproj", "{93D9C156-A197-4EBA-AA8B-2AFC65BEC067}"
EndProject
Project("{9A19103F-16F7-4668-BE54-9A1E7A4F7556}") = "CopyConstructor", "Creational\Prototype\CopyConstructor\CopyConstructor.csproj", "{B818DB17-7632-4F3F-B100-57B6EEA004FE}"
EndProject
Project("{9A19103F-16F7-4668-BE54-9A1E7A4F7556}") = "PrototypeInheritance", "Creational\Prototype\PrototypeInheritance\PrototypeInheritance.csproj", "{C0A74B84-971E-46C6-A40B-A6525A1082AB}"
EndProject
Project("{9A19103F-16F7-4668-BE54-9A1E7A4F7556}") = "CopyViaSerialization", "Creational\Prototype\CopyViaSerialization\CopyViaSerialization.csproj", "{BE6E8B3E-ED69-4693-9073-814558FCA187}"
EndProject
Project("{2150E333-8FDC-42A3-9474-1A3956D46DE8}") = "Singelton", "Singelton", "{6F954A8D-B944-47D4-B3DF-E5F6AE19CB20}"
EndProject
Project("{9A19103F-16F7-4668-BE54-9A1E7A4F7556}") = "Basic", "Creational\Singelton\Basic\Basic.csproj", "{EEF622F0-1CBE-4158-8877-4A589BB66513}"
EndProject
Project("{9A19103F-16F7-4668-BE54-9A1E7A4F7556}") = "MonoState", "Creational\Singelton\MonoState\MonoState.csproj", "{745047A1-2671-45BD-BEEE-DAD404C94192}"
EndProject
Project("{9A19103F-16F7-4668-BE54-9A1E7A4F7556}") = "SingeltonDI", "Creational\Singelton\SingeltonDI\SingeltonDI.csproj", "{2A6B9905-8CF7-478B-AC8F-31D199957145}"
EndProject
Project("{9A19103F-16F7-4668-BE54-9A1E7A4F7556}") = "PerThreadSingelton", "Creational\Singelton\PerThreadSingelton\PerThreadSingelton.csproj", "{4DEA4A98-CF98-411B-B2AE-843FCA887896}"
EndProject
Project("{9A19103F-16F7-4668-BE54-9A1E7A4F7556}") = "AmbientContext", "Creational\Singelton\AmbientContext\AmbientContext.csproj", "{8C441008-5171-4E5D-ABA2-8D5109FBF254}"
EndProject
Project("{9A19103F-16F7-4668-BE54-9A1E7A4F7556}") = "BrokerChain", "Behavioral\ChainOfResponsibility\BrokerChain\BrokerChain.csproj", "{A259CBBD-C7DB-4618-8AE3-9FBA2DF11C0D}"
EndProject
Project("{9A19103F-16F7-4668-BE54-9A1E7A4F7556}") = "MethodChain", "Behavioral\ChainOfResponsibility\MethodChain\MethodChain.csproj", "{E80D310E-A88A-4A9F-8ED8-DEF6E5FA8C3C}"
EndProject
Project("{9A19103F-16F7-4668-BE54-9A1E7A4F7556}") = "BasicCommand", "Behavioral\Command\BasicCommand\BasicCommand.csproj", "{73D15E34-7F38-4250-86FC-8A90CEA63B2F}"
EndProject
Project("{9A19103F-16F7-4668-BE54-9A1E7A4F7556}") = "CompositeCommand", "Behavioral\Command\CompositeCommand\CompositeCommand.csproj", "{BFB1D1EA-ABBE-44AC-9FFA-28E465C56A22}"
EndProject
Project("{9A19103F-16F7-4668-BE54-9A1E7A4F7556}") = "HandMade", "Behavioral\Interpreter\HandMade\HandMade.csproj", "{0F7E1960-D28E-4A34-94BC-FB99B045B4D6}"
EndProject
Project("{9A19103F-16F7-4668-BE54-9A1E7A4F7556}") = "ExressinoCalculator", "Behavioral\Interpreter\ExressinoCalculator\ExressinoCalculator.csproj", "{6CEA62BE-7630-48B0-ADF1-2FC6FB04C452}"
EndProject
Project("{FAE04EC0-301F-11D3-BF4B-00C04F79EFBC}") = "TreeTraversal", "Behavioral\Iterator\TreeTraversal\TreeTraversal.csproj", "{707C699F-5F01-4F81-82FF-B745B612B49A}"
EndProject
Project("{FAE04EC0-301F-11D3-BF4B-00C04F79EFBC}") = "ArrayBackedProperties", "Behavioral\Iterator\ArrayBackedProperties\ArrayBackedProperties.csproj", "{2F6F4078-11E6-486F-8A0D-B4D38FACEE26}"
EndProject
Project("{FAE04EC0-301F-11D3-BF4B-00C04F79EFBC}") = "ChatRoom", "Behavioral\Mediator\ChatRoom\ChatRoom.csproj", "{47B999DB-6F0D-4240-83BD-EB25D80E8551}"
EndProject
Project("{FAE04EC0-301F-11D3-BF4B-00C04F79EFBC}") = "EventBroker", "Behavioral\Mediator\EventBroker\EventBroker.csproj", "{3C91FA47-EB86-4132-97DC-B3898099AF7F}"
EndProject
Project("{FAE04EC0-301F-11D3-BF4B-00C04F79EFBC}") = "MediatRDemo", "Behavioral\Mediator\MediatRDemo\MediatRDemo.csproj", "{85C4063B-0D95-43C0-9E6F-9D37BD746AE8}"
EndProject
Project("{FAE04EC0-301F-11D3-BF4B-00C04F79EFBC}") = "MediatorExcercise", "MediatorExcercise\MediatorExcercise.csproj", "{CE001E6A-53FB-499A-9AF1-73E18B1268A2}"
EndProject
Global
	GlobalSection(SolutionConfigurationPlatforms) = preSolution
		Debug|Any CPU = Debug|Any CPU
		Release|Any CPU = Release|Any CPU
	EndGlobalSection
	GlobalSection(ProjectConfigurationPlatforms) = postSolution
		{B1BC01C9-C2AC-4441-9F34-194F9125F085}.Debug|Any CPU.ActiveCfg = Debug|Any CPU
		{B1BC01C9-C2AC-4441-9F34-194F9125F085}.Debug|Any CPU.Build.0 = Debug|Any CPU
		{B1BC01C9-C2AC-4441-9F34-194F9125F085}.Release|Any CPU.ActiveCfg = Release|Any CPU
		{B1BC01C9-C2AC-4441-9F34-194F9125F085}.Release|Any CPU.Build.0 = Release|Any CPU
		{990CD0FE-4277-4AB9-9BF2-A6F59823B6C7}.Debug|Any CPU.ActiveCfg = Debug|Any CPU
		{990CD0FE-4277-4AB9-9BF2-A6F59823B6C7}.Debug|Any CPU.Build.0 = Debug|Any CPU
		{990CD0FE-4277-4AB9-9BF2-A6F59823B6C7}.Release|Any CPU.ActiveCfg = Release|Any CPU
		{990CD0FE-4277-4AB9-9BF2-A6F59823B6C7}.Release|Any CPU.Build.0 = Release|Any CPU
		{9EA8E49C-B27E-4DC0-962F-62A86A9786DE}.Debug|Any CPU.ActiveCfg = Debug|Any CPU
		{9EA8E49C-B27E-4DC0-962F-62A86A9786DE}.Debug|Any CPU.Build.0 = Debug|Any CPU
		{9EA8E49C-B27E-4DC0-962F-62A86A9786DE}.Release|Any CPU.ActiveCfg = Release|Any CPU
		{9EA8E49C-B27E-4DC0-962F-62A86A9786DE}.Release|Any CPU.Build.0 = Release|Any CPU
		{4FE3F7D5-8204-469C-98DE-7000EC96EA07}.Debug|Any CPU.ActiveCfg = Debug|Any CPU
		{4FE3F7D5-8204-469C-98DE-7000EC96EA07}.Debug|Any CPU.Build.0 = Debug|Any CPU
		{4FE3F7D5-8204-469C-98DE-7000EC96EA07}.Release|Any CPU.ActiveCfg = Release|Any CPU
		{4FE3F7D5-8204-469C-98DE-7000EC96EA07}.Release|Any CPU.Build.0 = Release|Any CPU
		{995E627F-08DF-4101-B399-F3CBE2DBA816}.Debug|Any CPU.ActiveCfg = Debug|Any CPU
		{995E627F-08DF-4101-B399-F3CBE2DBA816}.Debug|Any CPU.Build.0 = Debug|Any CPU
		{995E627F-08DF-4101-B399-F3CBE2DBA816}.Release|Any CPU.ActiveCfg = Release|Any CPU
		{995E627F-08DF-4101-B399-F3CBE2DBA816}.Release|Any CPU.Build.0 = Release|Any CPU
		{2678672E-A65A-4D96-A6A1-A918F415B744}.Debug|Any CPU.ActiveCfg = Debug|Any CPU
		{2678672E-A65A-4D96-A6A1-A918F415B744}.Debug|Any CPU.Build.0 = Debug|Any CPU
		{2678672E-A65A-4D96-A6A1-A918F415B744}.Release|Any CPU.ActiveCfg = Release|Any CPU
		{2678672E-A65A-4D96-A6A1-A918F415B744}.Release|Any CPU.Build.0 = Release|Any CPU
		{4FE7349F-909B-4E30-A3D0-1216427F6080}.Debug|Any CPU.ActiveCfg = Debug|Any CPU
		{4FE7349F-909B-4E30-A3D0-1216427F6080}.Debug|Any CPU.Build.0 = Debug|Any CPU
		{4FE7349F-909B-4E30-A3D0-1216427F6080}.Release|Any CPU.ActiveCfg = Release|Any CPU
		{4FE7349F-909B-4E30-A3D0-1216427F6080}.Release|Any CPU.Build.0 = Release|Any CPU
		{EC7D7C9A-542B-4823-B186-31F183663AB1}.Debug|Any CPU.ActiveCfg = Debug|Any CPU
		{EC7D7C9A-542B-4823-B186-31F183663AB1}.Debug|Any CPU.Build.0 = Debug|Any CPU
		{EC7D7C9A-542B-4823-B186-31F183663AB1}.Release|Any CPU.ActiveCfg = Release|Any CPU
		{EC7D7C9A-542B-4823-B186-31F183663AB1}.Release|Any CPU.Build.0 = Release|Any CPU
		{7FCE2F22-4121-416E-92AA-F78214FFBC3E}.Debug|Any CPU.ActiveCfg = Debug|Any CPU
		{7FCE2F22-4121-416E-92AA-F78214FFBC3E}.Debug|Any CPU.Build.0 = Debug|Any CPU
		{7FCE2F22-4121-416E-92AA-F78214FFBC3E}.Release|Any CPU.ActiveCfg = Release|Any CPU
		{7FCE2F22-4121-416E-92AA-F78214FFBC3E}.Release|Any CPU.Build.0 = Release|Any CPU
		{321115BA-A93B-4FE0-AB8F-3D5493B3909B}.Debug|Any CPU.ActiveCfg = Debug|Any CPU
		{321115BA-A93B-4FE0-AB8F-3D5493B3909B}.Debug|Any CPU.Build.0 = Debug|Any CPU
		{321115BA-A93B-4FE0-AB8F-3D5493B3909B}.Release|Any CPU.ActiveCfg = Release|Any CPU
		{321115BA-A93B-4FE0-AB8F-3D5493B3909B}.Release|Any CPU.Build.0 = Release|Any CPU
		{ECE8DE40-E6E0-4995-B641-C2967214363E}.Debug|Any CPU.ActiveCfg = Debug|Any CPU
		{ECE8DE40-E6E0-4995-B641-C2967214363E}.Debug|Any CPU.Build.0 = Debug|Any CPU
		{ECE8DE40-E6E0-4995-B641-C2967214363E}.Release|Any CPU.ActiveCfg = Release|Any CPU
		{ECE8DE40-E6E0-4995-B641-C2967214363E}.Release|Any CPU.Build.0 = Release|Any CPU
		{C1545013-B758-4224-A903-24B35E804DC7}.Debug|Any CPU.ActiveCfg = Debug|Any CPU
		{C1545013-B758-4224-A903-24B35E804DC7}.Debug|Any CPU.Build.0 = Debug|Any CPU
		{C1545013-B758-4224-A903-24B35E804DC7}.Release|Any CPU.ActiveCfg = Release|Any CPU
		{C1545013-B758-4224-A903-24B35E804DC7}.Release|Any CPU.Build.0 = Release|Any CPU
		{69F79B53-B095-44E1-B04F-9FDA9FA95142}.Debug|Any CPU.ActiveCfg = Debug|Any CPU
		{69F79B53-B095-44E1-B04F-9FDA9FA95142}.Debug|Any CPU.Build.0 = Debug|Any CPU
		{69F79B53-B095-44E1-B04F-9FDA9FA95142}.Release|Any CPU.ActiveCfg = Release|Any CPU
		{69F79B53-B095-44E1-B04F-9FDA9FA95142}.Release|Any CPU.Build.0 = Release|Any CPU
		{8D43FC86-BAEC-46E9-ACBB-D4DBFE91076C}.Debug|Any CPU.ActiveCfg = Debug|Any CPU
		{8D43FC86-BAEC-46E9-ACBB-D4DBFE91076C}.Debug|Any CPU.Build.0 = Debug|Any CPU
		{8D43FC86-BAEC-46E9-ACBB-D4DBFE91076C}.Release|Any CPU.ActiveCfg = Release|Any CPU
		{8D43FC86-BAEC-46E9-ACBB-D4DBFE91076C}.Release|Any CPU.Build.0 = Release|Any CPU
		{BAA5BC7E-8FEA-43C4-8F1F-1028B8565FD9}.Debug|Any CPU.ActiveCfg = Debug|Any CPU
		{BAA5BC7E-8FEA-43C4-8F1F-1028B8565FD9}.Debug|Any CPU.Build.0 = Debug|Any CPU
		{BAA5BC7E-8FEA-43C4-8F1F-1028B8565FD9}.Release|Any CPU.ActiveCfg = Release|Any CPU
		{BAA5BC7E-8FEA-43C4-8F1F-1028B8565FD9}.Release|Any CPU.Build.0 = Release|Any CPU
		{E1E8EAE3-1D2F-4944-BF17-5EEB80F06A01}.Debug|Any CPU.ActiveCfg = Debug|Any CPU
		{E1E8EAE3-1D2F-4944-BF17-5EEB80F06A01}.Debug|Any CPU.Build.0 = Debug|Any CPU
		{E1E8EAE3-1D2F-4944-BF17-5EEB80F06A01}.Release|Any CPU.ActiveCfg = Release|Any CPU
		{E1E8EAE3-1D2F-4944-BF17-5EEB80F06A01}.Release|Any CPU.Build.0 = Release|Any CPU
		{FDB82192-F128-406D-92E5-B7264C7C22D8}.Debug|Any CPU.ActiveCfg = Debug|Any CPU
		{FDB82192-F128-406D-92E5-B7264C7C22D8}.Debug|Any CPU.Build.0 = Debug|Any CPU
		{FDB82192-F128-406D-92E5-B7264C7C22D8}.Release|Any CPU.ActiveCfg = Release|Any CPU
		{FDB82192-F128-406D-92E5-B7264C7C22D8}.Release|Any CPU.Build.0 = Release|Any CPU
		{8EF98036-C0F3-4872-9B3D-ADFB8401BF48}.Debug|Any CPU.ActiveCfg = Debug|Any CPU
		{8EF98036-C0F3-4872-9B3D-ADFB8401BF48}.Debug|Any CPU.Build.0 = Debug|Any CPU
		{8EF98036-C0F3-4872-9B3D-ADFB8401BF48}.Release|Any CPU.ActiveCfg = Release|Any CPU
		{8EF98036-C0F3-4872-9B3D-ADFB8401BF48}.Release|Any CPU.Build.0 = Release|Any CPU
		{AAEE4068-9072-4FED-951D-59B12048D24D}.Debug|Any CPU.ActiveCfg = Debug|Any CPU
		{AAEE4068-9072-4FED-951D-59B12048D24D}.Debug|Any CPU.Build.0 = Debug|Any CPU
		{AAEE4068-9072-4FED-951D-59B12048D24D}.Release|Any CPU.ActiveCfg = Release|Any CPU
		{AAEE4068-9072-4FED-951D-59B12048D24D}.Release|Any CPU.Build.0 = Release|Any CPU
		{57EA6FB7-CAC2-435C-BB3C-12BF83676933}.Debug|Any CPU.ActiveCfg = Debug|Any CPU
		{57EA6FB7-CAC2-435C-BB3C-12BF83676933}.Debug|Any CPU.Build.0 = Debug|Any CPU
		{57EA6FB7-CAC2-435C-BB3C-12BF83676933}.Release|Any CPU.ActiveCfg = Release|Any CPU
		{57EA6FB7-CAC2-435C-BB3C-12BF83676933}.Release|Any CPU.Build.0 = Release|Any CPU
		{8E5BC42D-F49D-431B-A0C0-112F5A9F5C8C}.Debug|Any CPU.ActiveCfg = Debug|Any CPU
		{8E5BC42D-F49D-431B-A0C0-112F5A9F5C8C}.Debug|Any CPU.Build.0 = Debug|Any CPU
		{8E5BC42D-F49D-431B-A0C0-112F5A9F5C8C}.Release|Any CPU.ActiveCfg = Release|Any CPU
		{8E5BC42D-F49D-431B-A0C0-112F5A9F5C8C}.Release|Any CPU.Build.0 = Release|Any CPU
		{95071AC5-A35E-4672-BAD0-BE90D7F737BE}.Debug|Any CPU.ActiveCfg = Debug|Any CPU
		{95071AC5-A35E-4672-BAD0-BE90D7F737BE}.Debug|Any CPU.Build.0 = Debug|Any CPU
		{95071AC5-A35E-4672-BAD0-BE90D7F737BE}.Release|Any CPU.ActiveCfg = Release|Any CPU
		{95071AC5-A35E-4672-BAD0-BE90D7F737BE}.Release|Any CPU.Build.0 = Release|Any CPU
		{37D67F91-2063-4D82-BD85-C5385BF22898}.Debug|Any CPU.ActiveCfg = Debug|Any CPU
		{37D67F91-2063-4D82-BD85-C5385BF22898}.Debug|Any CPU.Build.0 = Debug|Any CPU
		{37D67F91-2063-4D82-BD85-C5385BF22898}.Release|Any CPU.ActiveCfg = Release|Any CPU
		{37D67F91-2063-4D82-BD85-C5385BF22898}.Release|Any CPU.Build.0 = Release|Any CPU
		{93D9C156-A197-4EBA-AA8B-2AFC65BEC067}.Debug|Any CPU.ActiveCfg = Debug|Any CPU
		{93D9C156-A197-4EBA-AA8B-2AFC65BEC067}.Debug|Any CPU.Build.0 = Debug|Any CPU
		{93D9C156-A197-4EBA-AA8B-2AFC65BEC067}.Release|Any CPU.ActiveCfg = Release|Any CPU
		{93D9C156-A197-4EBA-AA8B-2AFC65BEC067}.Release|Any CPU.Build.0 = Release|Any CPU
		{B818DB17-7632-4F3F-B100-57B6EEA004FE}.Debug|Any CPU.ActiveCfg = Debug|Any CPU
		{B818DB17-7632-4F3F-B100-57B6EEA004FE}.Debug|Any CPU.Build.0 = Debug|Any CPU
		{B818DB17-7632-4F3F-B100-57B6EEA004FE}.Release|Any CPU.ActiveCfg = Release|Any CPU
		{B818DB17-7632-4F3F-B100-57B6EEA004FE}.Release|Any CPU.Build.0 = Release|Any CPU
		{C0A74B84-971E-46C6-A40B-A6525A1082AB}.Debug|Any CPU.ActiveCfg = Debug|Any CPU
		{C0A74B84-971E-46C6-A40B-A6525A1082AB}.Debug|Any CPU.Build.0 = Debug|Any CPU
		{C0A74B84-971E-46C6-A40B-A6525A1082AB}.Release|Any CPU.ActiveCfg = Release|Any CPU
		{C0A74B84-971E-46C6-A40B-A6525A1082AB}.Release|Any CPU.Build.0 = Release|Any CPU
		{BE6E8B3E-ED69-4693-9073-814558FCA187}.Debug|Any CPU.ActiveCfg = Debug|Any CPU
		{BE6E8B3E-ED69-4693-9073-814558FCA187}.Debug|Any CPU.Build.0 = Debug|Any CPU
		{BE6E8B3E-ED69-4693-9073-814558FCA187}.Release|Any CPU.ActiveCfg = Release|Any CPU
		{BE6E8B3E-ED69-4693-9073-814558FCA187}.Release|Any CPU.Build.0 = Release|Any CPU
		{EEF622F0-1CBE-4158-8877-4A589BB66513}.Debug|Any CPU.ActiveCfg = Debug|Any CPU
		{EEF622F0-1CBE-4158-8877-4A589BB66513}.Debug|Any CPU.Build.0 = Debug|Any CPU
		{EEF622F0-1CBE-4158-8877-4A589BB66513}.Release|Any CPU.ActiveCfg = Release|Any CPU
		{EEF622F0-1CBE-4158-8877-4A589BB66513}.Release|Any CPU.Build.0 = Release|Any CPU
		{745047A1-2671-45BD-BEEE-DAD404C94192}.Debug|Any CPU.ActiveCfg = Debug|Any CPU
		{745047A1-2671-45BD-BEEE-DAD404C94192}.Debug|Any CPU.Build.0 = Debug|Any CPU
		{745047A1-2671-45BD-BEEE-DAD404C94192}.Release|Any CPU.ActiveCfg = Release|Any CPU
		{745047A1-2671-45BD-BEEE-DAD404C94192}.Release|Any CPU.Build.0 = Release|Any CPU
		{2A6B9905-8CF7-478B-AC8F-31D199957145}.Debug|Any CPU.ActiveCfg = Debug|Any CPU
		{2A6B9905-8CF7-478B-AC8F-31D199957145}.Debug|Any CPU.Build.0 = Debug|Any CPU
		{2A6B9905-8CF7-478B-AC8F-31D199957145}.Release|Any CPU.ActiveCfg = Release|Any CPU
		{2A6B9905-8CF7-478B-AC8F-31D199957145}.Release|Any CPU.Build.0 = Release|Any CPU
		{4DEA4A98-CF98-411B-B2AE-843FCA887896}.Debug|Any CPU.ActiveCfg = Debug|Any CPU
		{4DEA4A98-CF98-411B-B2AE-843FCA887896}.Debug|Any CPU.Build.0 = Debug|Any CPU
		{4DEA4A98-CF98-411B-B2AE-843FCA887896}.Release|Any CPU.ActiveCfg = Release|Any CPU
		{4DEA4A98-CF98-411B-B2AE-843FCA887896}.Release|Any CPU.Build.0 = Release|Any CPU
		{8C441008-5171-4E5D-ABA2-8D5109FBF254}.Debug|Any CPU.ActiveCfg = Debug|Any CPU
		{8C441008-5171-4E5D-ABA2-8D5109FBF254}.Debug|Any CPU.Build.0 = Debug|Any CPU
		{8C441008-5171-4E5D-ABA2-8D5109FBF254}.Release|Any CPU.ActiveCfg = Release|Any CPU
		{8C441008-5171-4E5D-ABA2-8D5109FBF254}.Release|Any CPU.Build.0 = Release|Any CPU
		{A259CBBD-C7DB-4618-8AE3-9FBA2DF11C0D}.Debug|Any CPU.ActiveCfg = Debug|Any CPU
		{A259CBBD-C7DB-4618-8AE3-9FBA2DF11C0D}.Debug|Any CPU.Build.0 = Debug|Any CPU
		{A259CBBD-C7DB-4618-8AE3-9FBA2DF11C0D}.Release|Any CPU.ActiveCfg = Release|Any CPU
		{A259CBBD-C7DB-4618-8AE3-9FBA2DF11C0D}.Release|Any CPU.Build.0 = Release|Any CPU
		{E80D310E-A88A-4A9F-8ED8-DEF6E5FA8C3C}.Debug|Any CPU.ActiveCfg = Debug|Any CPU
		{E80D310E-A88A-4A9F-8ED8-DEF6E5FA8C3C}.Debug|Any CPU.Build.0 = Debug|Any CPU
		{E80D310E-A88A-4A9F-8ED8-DEF6E5FA8C3C}.Release|Any CPU.ActiveCfg = Release|Any CPU
		{E80D310E-A88A-4A9F-8ED8-DEF6E5FA8C3C}.Release|Any CPU.Build.0 = Release|Any CPU
		{73D15E34-7F38-4250-86FC-8A90CEA63B2F}.Debug|Any CPU.ActiveCfg = Debug|Any CPU
		{73D15E34-7F38-4250-86FC-8A90CEA63B2F}.Debug|Any CPU.Build.0 = Debug|Any CPU
		{73D15E34-7F38-4250-86FC-8A90CEA63B2F}.Release|Any CPU.ActiveCfg = Release|Any CPU
		{73D15E34-7F38-4250-86FC-8A90CEA63B2F}.Release|Any CPU.Build.0 = Release|Any CPU
		{BFB1D1EA-ABBE-44AC-9FFA-28E465C56A22}.Debug|Any CPU.ActiveCfg = Debug|Any CPU
		{BFB1D1EA-ABBE-44AC-9FFA-28E465C56A22}.Debug|Any CPU.Build.0 = Debug|Any CPU
		{BFB1D1EA-ABBE-44AC-9FFA-28E465C56A22}.Release|Any CPU.ActiveCfg = Release|Any CPU
		{BFB1D1EA-ABBE-44AC-9FFA-28E465C56A22}.Release|Any CPU.Build.0 = Release|Any CPU
		{0F7E1960-D28E-4A34-94BC-FB99B045B4D6}.Debug|Any CPU.ActiveCfg = Debug|Any CPU
		{0F7E1960-D28E-4A34-94BC-FB99B045B4D6}.Debug|Any CPU.Build.0 = Debug|Any CPU
		{0F7E1960-D28E-4A34-94BC-FB99B045B4D6}.Release|Any CPU.ActiveCfg = Release|Any CPU
		{0F7E1960-D28E-4A34-94BC-FB99B045B4D6}.Release|Any CPU.Build.0 = Release|Any CPU
		{6CEA62BE-7630-48B0-ADF1-2FC6FB04C452}.Debug|Any CPU.ActiveCfg = Debug|Any CPU
		{6CEA62BE-7630-48B0-ADF1-2FC6FB04C452}.Debug|Any CPU.Build.0 = Debug|Any CPU
		{6CEA62BE-7630-48B0-ADF1-2FC6FB04C452}.Release|Any CPU.ActiveCfg = Release|Any CPU
		{6CEA62BE-7630-48B0-ADF1-2FC6FB04C452}.Release|Any CPU.Build.0 = Release|Any CPU
		{707C699F-5F01-4F81-82FF-B745B612B49A}.Debug|Any CPU.ActiveCfg = Debug|Any CPU
		{707C699F-5F01-4F81-82FF-B745B612B49A}.Debug|Any CPU.Build.0 = Debug|Any CPU
		{707C699F-5F01-4F81-82FF-B745B612B49A}.Release|Any CPU.ActiveCfg = Release|Any CPU
		{707C699F-5F01-4F81-82FF-B745B612B49A}.Release|Any CPU.Build.0 = Release|Any CPU
		{2F6F4078-11E6-486F-8A0D-B4D38FACEE26}.Debug|Any CPU.ActiveCfg = Debug|Any CPU
		{2F6F4078-11E6-486F-8A0D-B4D38FACEE26}.Debug|Any CPU.Build.0 = Debug|Any CPU
		{2F6F4078-11E6-486F-8A0D-B4D38FACEE26}.Release|Any CPU.ActiveCfg = Release|Any CPU
		{2F6F4078-11E6-486F-8A0D-B4D38FACEE26}.Release|Any CPU.Build.0 = Release|Any CPU
		{47B999DB-6F0D-4240-83BD-EB25D80E8551}.Debug|Any CPU.ActiveCfg = Debug|Any CPU
		{47B999DB-6F0D-4240-83BD-EB25D80E8551}.Debug|Any CPU.Build.0 = Debug|Any CPU
		{47B999DB-6F0D-4240-83BD-EB25D80E8551}.Release|Any CPU.ActiveCfg = Release|Any CPU
		{47B999DB-6F0D-4240-83BD-EB25D80E8551}.Release|Any CPU.Build.0 = Release|Any CPU
		{3C91FA47-EB86-4132-97DC-B3898099AF7F}.Debug|Any CPU.ActiveCfg = Debug|Any CPU
		{3C91FA47-EB86-4132-97DC-B3898099AF7F}.Debug|Any CPU.Build.0 = Debug|Any CPU
		{3C91FA47-EB86-4132-97DC-B3898099AF7F}.Release|Any CPU.ActiveCfg = Release|Any CPU
		{3C91FA47-EB86-4132-97DC-B3898099AF7F}.Release|Any CPU.Build.0 = Release|Any CPU
		{85C4063B-0D95-43C0-9E6F-9D37BD746AE8}.Debug|Any CPU.ActiveCfg = Debug|Any CPU
		{85C4063B-0D95-43C0-9E6F-9D37BD746AE8}.Debug|Any CPU.Build.0 = Debug|Any CPU
		{85C4063B-0D95-43C0-9E6F-9D37BD746AE8}.Release|Any CPU.ActiveCfg = Release|Any CPU
		{85C4063B-0D95-43C0-9E6F-9D37BD746AE8}.Release|Any CPU.Build.0 = Release|Any CPU
		{CE001E6A-53FB-499A-9AF1-73E18B1268A2}.Debug|Any CPU.ActiveCfg = Debug|Any CPU
		{CE001E6A-53FB-499A-9AF1-73E18B1268A2}.Debug|Any CPU.Build.0 = Debug|Any CPU
		{CE001E6A-53FB-499A-9AF1-73E18B1268A2}.Release|Any CPU.ActiveCfg = Release|Any CPU
		{CE001E6A-53FB-499A-9AF1-73E18B1268A2}.Release|Any CPU.Build.0 = Release|Any CPU
	EndGlobalSection
	GlobalSection(SolutionProperties) = preSolution
		HideSolutionNode = FALSE
	EndGlobalSection
	GlobalSection(NestedProjects) = preSolution
		{B1BC01C9-C2AC-4441-9F34-194F9125F085} = {C63DFE4E-3015-430D-9545-16C7915D7F54}
		{990CD0FE-4277-4AB9-9BF2-A6F59823B6C7} = {C63DFE4E-3015-430D-9545-16C7915D7F54}
		{9EA8E49C-B27E-4DC0-962F-62A86A9786DE} = {C63DFE4E-3015-430D-9545-16C7915D7F54}
		{4FE3F7D5-8204-469C-98DE-7000EC96EA07} = {C63DFE4E-3015-430D-9545-16C7915D7F54}
		{995E627F-08DF-4101-B399-F3CBE2DBA816} = {C63DFE4E-3015-430D-9545-16C7915D7F54}
		{77B03D97-41CC-45B1-9C70-6326B050025F} = {3D6DA124-F0D7-450E-9FC0-A6F55993B0C0}
		{68539425-61D2-4F8B-A455-7F390557CBB7} = {3D6DA124-F0D7-450E-9FC0-A6F55993B0C0}
		{82F39A96-1D77-4529-AF44-8785D7E874DD} = {AECBFA50-ADEC-49E4-AF94-CF5058908EF7}
		{2678672E-A65A-4D96-A6A1-A918F415B744} = {82F39A96-1D77-4529-AF44-8785D7E874DD}
		{0F4160E3-A5B3-4D57-8D99-9C47B1C8EDF5} = {AECBFA50-ADEC-49E4-AF94-CF5058908EF7}
		{4FE7349F-909B-4E30-A3D0-1216427F6080} = {0F4160E3-A5B3-4D57-8D99-9C47B1C8EDF5}
		{EC7D7C9A-542B-4823-B186-31F183663AB1} = {0F4160E3-A5B3-4D57-8D99-9C47B1C8EDF5}
		{7FCE2F22-4121-416E-92AA-F78214FFBC3E} = {0F4160E3-A5B3-4D57-8D99-9C47B1C8EDF5}
		{E6D36D06-D2EF-47A0-8D9C-50CBD1F6C52B} = {AECBFA50-ADEC-49E4-AF94-CF5058908EF7}
		{321115BA-A93B-4FE0-AB8F-3D5493B3909B} = {E6D36D06-D2EF-47A0-8D9C-50CBD1F6C52B}
		{ECE8DE40-E6E0-4995-B641-C2967214363E} = {E6D36D06-D2EF-47A0-8D9C-50CBD1F6C52B}
		{C1545013-B758-4224-A903-24B35E804DC7} = {E6D36D06-D2EF-47A0-8D9C-50CBD1F6C52B}
		{69F79B53-B095-44E1-B04F-9FDA9FA95142} = {E6D36D06-D2EF-47A0-8D9C-50CBD1F6C52B}
		{8D43FC86-BAEC-46E9-ACBB-D4DBFE91076C} = {E6D36D06-D2EF-47A0-8D9C-50CBD1F6C52B}
		{BAA5BC7E-8FEA-43C4-8F1F-1028B8565FD9} = {E6D36D06-D2EF-47A0-8D9C-50CBD1F6C52B}
		{E1E8EAE3-1D2F-4944-BF17-5EEB80F06A01} = {E6D36D06-D2EF-47A0-8D9C-50CBD1F6C52B}
		{DEB9CC67-1AC0-4043-8E39-B972E0FC4EBA} = {71E720AA-0ADA-4315-A5AA-6CFB0CA1E823}
		{D2C9CC03-1212-4246-BD41-DCC70B335D08} = {71E720AA-0ADA-4315-A5AA-6CFB0CA1E823}
		{B586976D-4A03-43EF-A72D-9135E7E9947C} = {71E720AA-0ADA-4315-A5AA-6CFB0CA1E823}
		{768CE17C-D030-4264-825D-68A5357179E7} = {71E720AA-0ADA-4315-A5AA-6CFB0CA1E823}
		{86D742B5-38BF-4994-AFD8-79AD97F5E230} = {71E720AA-0ADA-4315-A5AA-6CFB0CA1E823}
		{0AD8EF5C-66D5-47D2-8F2A-389B5A9477DF} = {71E720AA-0ADA-4315-A5AA-6CFB0CA1E823}
		{BAB8EA8E-E9F3-44DA-9A9B-3DBB5613F7F0} = {71E720AA-0ADA-4315-A5AA-6CFB0CA1E823}
		{B7E27084-B66E-46A7-BCEB-E27559F940F7} = {71E720AA-0ADA-4315-A5AA-6CFB0CA1E823}
		{2D4501C8-5234-4E0A-B632-135B7525029A} = {71E720AA-0ADA-4315-A5AA-6CFB0CA1E823}
		{8AD3653D-281D-40DD-AE27-9A8DC2D28894} = {71E720AA-0ADA-4315-A5AA-6CFB0CA1E823}
		{77D1D12F-B5E9-4B58-8912-6EBD83BB27C5} = {71E720AA-0ADA-4315-A5AA-6CFB0CA1E823}
		{089CF3BE-3D63-4ED4-8579-A041C6CF58A5} = {71E720AA-0ADA-4315-A5AA-6CFB0CA1E823}
		{FDB82192-F128-406D-92E5-B7264C7C22D8} = {77B03D97-41CC-45B1-9C70-6326B050025F}
		{8EF98036-C0F3-4872-9B3D-ADFB8401BF48} = {77B03D97-41CC-45B1-9C70-6326B050025F}
		{AAEE4068-9072-4FED-951D-59B12048D24D} = {77B03D97-41CC-45B1-9C70-6326B050025F}
		{57EA6FB7-CAC2-435C-BB3C-12BF83676933} = {77B03D97-41CC-45B1-9C70-6326B050025F}
		{8E5BC42D-F49D-431B-A0C0-112F5A9F5C8C} = {68539425-61D2-4F8B-A455-7F390557CBB7}
		{95071AC5-A35E-4672-BAD0-BE90D7F737BE} = {68539425-61D2-4F8B-A455-7F390557CBB7}
		{37D67F91-2063-4D82-BD85-C5385BF22898} = {E6D36D06-D2EF-47A0-8D9C-50CBD1F6C52B}
		{E8671E3C-9891-47AC-8ED5-A21B44CD0139} = {3D6DA124-F0D7-450E-9FC0-A6F55993B0C0}
		{93D9C156-A197-4EBA-AA8B-2AFC65BEC067} = {E8671E3C-9891-47AC-8ED5-A21B44CD0139}
		{B818DB17-7632-4F3F-B100-57B6EEA004FE} = {E8671E3C-9891-47AC-8ED5-A21B44CD0139}
		{C0A74B84-971E-46C6-A40B-A6525A1082AB} = {E8671E3C-9891-47AC-8ED5-A21B44CD0139}
		{BE6E8B3E-ED69-4693-9073-814558FCA187} = {E8671E3C-9891-47AC-8ED5-A21B44CD0139}
		{6F954A8D-B944-47D4-B3DF-E5F6AE19CB20} = {3D6DA124-F0D7-450E-9FC0-A6F55993B0C0}
		{EEF622F0-1CBE-4158-8877-4A589BB66513} = {6F954A8D-B944-47D4-B3DF-E5F6AE19CB20}
		{745047A1-2671-45BD-BEEE-DAD404C94192} = {6F954A8D-B944-47D4-B3DF-E5F6AE19CB20}
		{2A6B9905-8CF7-478B-AC8F-31D199957145} = {6F954A8D-B944-47D4-B3DF-E5F6AE19CB20}
		{4DEA4A98-CF98-411B-B2AE-843FCA887896} = {6F954A8D-B944-47D4-B3DF-E5F6AE19CB20}
		{8C441008-5171-4E5D-ABA2-8D5109FBF254} = {6F954A8D-B944-47D4-B3DF-E5F6AE19CB20}
		{A259CBBD-C7DB-4618-8AE3-9FBA2DF11C0D} = {DEB9CC67-1AC0-4043-8E39-B972E0FC4EBA}
		{E80D310E-A88A-4A9F-8ED8-DEF6E5FA8C3C} = {DEB9CC67-1AC0-4043-8E39-B972E0FC4EBA}
		{73D15E34-7F38-4250-86FC-8A90CEA63B2F} = {D2C9CC03-1212-4246-BD41-DCC70B335D08}
		{BFB1D1EA-ABBE-44AC-9FFA-28E465C56A22} = {D2C9CC03-1212-4246-BD41-DCC70B335D08}
		{0F7E1960-D28E-4A34-94BC-FB99B045B4D6} = {B586976D-4A03-43EF-A72D-9135E7E9947C}
		{6CEA62BE-7630-48B0-ADF1-2FC6FB04C452} = {B586976D-4A03-43EF-A72D-9135E7E9947C}
		{707C699F-5F01-4F81-82FF-B745B612B49A} = {768CE17C-D030-4264-825D-68A5357179E7}
		{2F6F4078-11E6-486F-8A0D-B4D38FACEE26} = {768CE17C-D030-4264-825D-68A5357179E7}
		{47B999DB-6F0D-4240-83BD-EB25D80E8551} = {86D742B5-38BF-4994-AFD8-79AD97F5E230}
		{3C91FA47-EB86-4132-97DC-B3898099AF7F} = {86D742B5-38BF-4994-AFD8-79AD97F5E230}
		{85C4063B-0D95-43C0-9E6F-9D37BD746AE8} = {86D742B5-38BF-4994-AFD8-79AD97F5E230}
		{CE001E6A-53FB-499A-9AF1-73E18B1268A2} = {86D742B5-38BF-4994-AFD8-79AD97F5E230}
	EndGlobalSection
	GlobalSection(ExtensibilityGlobals) = postSolution
		SolutionGuid = {18BB1006-7B6D-444B-997B-B5346879195A}
	EndGlobalSection
EndGlobal
