
Microsoft Visual Studio Solution File, Format Version 12.00
# Visual Studio Version 16
VisualStudioVersion = 16.0.30717.126
MinimumVisualStudioVersion = 10.0.40219.1
Project("{2150E333-8FDC-42A3-9474-1A3956D46DE8}") = "SOLID", "SOLID", "{C63DFE4E-3015-430D-9545-16C7915D7F54}"
EndProject
Project("{9A19103F-16F7-4668-BE54-9A1E7A4F7556}") = "SRP", "SOLID\SRP\SRP.csproj", "{B1BC01C9-C2AC-4441-9F34-194F9125F085}"
EndProject
Project("{FAE04EC0-301F-11D3-BF4B-00C04F79EFBC}") = "OCP", "SOLID\OCP\OCP.csproj", "{990CD0FE-4277-4AB9-9BF2-A6F59823B6C7}"
EndProject
Project("{FAE04EC0-301F-11D3-BF4B-00C04F79EFBC}") = "LSP", "SOLID\LSP\LSP.csproj", "{9EA8E49C-B27E-4DC0-962F-62A86A9786DE}"
EndProject
Project("{FAE04EC0-301F-11D3-BF4B-00C04F79EFBC}") = "ISP", "SOLID\ISP\ISP.csproj", "{4FE3F7D5-8204-469C-98DE-7000EC96EA07}"
EndProject
Project("{FAE04EC0-301F-11D3-BF4B-00C04F79EFBC}") = "DIP", "SOLID\DIP\DIP.csproj", "{995E627F-08DF-4101-B399-F3CBE2DBA816}"
EndProject
Global
	GlobalSection(SolutionConfigurationPlatforms) = preSolution
		Debug|Any CPU = Debug|Any CPU
		Release|Any CPU = Release|Any CPU
	EndGlobalSection
	GlobalSection(ProjectConfigurationPlatforms) = postSolution
		{B1BC01C9-C2AC-4441-9F34-194F9125F085}.Debug|Any CPU.ActiveCfg = Debug|Any CPU
		{B1BC01C9-C2AC-4441-9F34-194F9125F085}.Debug|Any CPU.Build.0 = Debug|Any CPU
		{B1BC01C9-C2AC-4441-9F34-194F9125F085}.Release|Any CPU.ActiveCfg = Release|Any CPU
		{B1BC01C9-C2AC-4441-9F34-194F9125F085}.Release|Any CPU.Build.0 = Release|Any CPU
		{990CD0FE-4277-4AB9-9BF2-A6F59823B6C7}.Debug|Any CPU.ActiveCfg = Debug|Any CPU
		{990CD0FE-4277-4AB9-9BF2-A6F59823B6C7}.Debug|Any CPU.Build.0 = Debug|Any CPU
		{990CD0FE-4277-4AB9-9BF2-A6F59823B6C7}.Release|Any CPU.ActiveCfg = Release|Any CPU
		{990CD0FE-4277-4AB9-9BF2-A6F59823B6C7}.Release|Any CPU.Build.0 = Release|Any CPU
		{9EA8E49C-B27E-4DC0-962F-62A86A9786DE}.Debug|Any CPU.ActiveCfg = Debug|Any CPU
		{9EA8E49C-B27E-4DC0-962F-62A86A9786DE}.Debug|Any CPU.Build.0 = Debug|Any CPU
		{9EA8E49C-B27E-4DC0-962F-62A86A9786DE}.Release|Any CPU.ActiveCfg = Release|Any CPU
		{9EA8E49C-B27E-4DC0-962F-62A86A9786DE}.Release|Any CPU.Build.0 = Release|Any CPU
		{4FE3F7D5-8204-469C-98DE-7000EC96EA07}.Debug|Any CPU.ActiveCfg = Debug|Any CPU
		{4FE3F7D5-8204-469C-98DE-7000EC96EA07}.Debug|Any CPU.Build.0 = Debug|Any CPU
		{4FE3F7D5-8204-469C-98DE-7000EC96EA07}.Release|Any CPU.ActiveCfg = Release|Any CPU
		{4FE3F7D5-8204-469C-98DE-7000EC96EA07}.Release|Any CPU.Build.0 = Release|Any CPU
		{995E627F-08DF-4101-B399-F3CBE2DBA816}.Debug|Any CPU.ActiveCfg = Debug|Any CPU
		{995E627F-08DF-4101-B399-F3CBE2DBA816}.Debug|Any CPU.Build.0 = Debug|Any CPU
		{995E627F-08DF-4101-B399-F3CBE2DBA816}.Release|Any CPU.ActiveCfg = Release|Any CPU
		{995E627F-08DF-4101-B399-F3CBE2DBA816}.Release|Any CPU.Build.0 = Release|Any CPU
	EndGlobalSection
	GlobalSection(SolutionProperties) = preSolution
		HideSolutionNode = FALSE
	EndGlobalSection
	GlobalSection(NestedProjects) = preSolution
		{B1BC01C9-C2AC-4441-9F34-194F9125F085} = {C63DFE4E-3015-430D-9545-16C7915D7F54}
		{990CD0FE-4277-4AB9-9BF2-A6F59823B6C7} = {C63DFE4E-3015-430D-9545-16C7915D7F54}
		{9EA8E49C-B27E-4DC0-962F-62A86A9786DE} = {C63DFE4E-3015-430D-9545-16C7915D7F54}
		{4FE3F7D5-8204-469C-98DE-7000EC96EA07} = {C63DFE4E-3015-430D-9545-16C7915D7F54}
		{995E627F-08DF-4101-B399-F3CBE2DBA816} = {C63DFE4E-3015-430D-9545-16C7915D7F54}
	EndGlobalSection
	GlobalSection(ExtensibilityGlobals) = postSolution
		SolutionGuid = {18BB1006-7B6D-444B-997B-B5346879195A}
	EndGlobalSection
EndGlobal
