
Microsoft Visual Studio Solution File, Format Version 12.00
# Visual Studio Version 16
VisualStudioVersion = 16.0.30717.126
MinimumVisualStudioVersion = 10.0.40219.1
Project("{2150E333-8FDC-42A3-9474-1A3956D46DE8}") = "SOLID", "SOLID", "{C63DFE4E-3015-430D-9545-16C7915D7F54}"
EndProject
Project("{9A19103F-16F7-4668-BE54-9A1E7A4F7556}") = "SRP", "SOLID\SRP\SRP.csproj", "{B1BC01C9-C2AC-4441-9F34-194F9125F085}"
EndProject
Project("{9A19103F-16F7-4668-BE54-9A1E7A4F7556}") = "OCP", "SOLID\OCP\OCP.csproj", "{990CD0FE-4277-4AB9-9BF2-A6F59823B6C7}"
EndProject
Project("{9A19103F-16F7-4668-BE54-9A1E7A4F7556}") = "LSP", "SOLID\LSP\LSP.csproj", "{9EA8E49C-B27E-4DC0-962F-62A86A9786DE}"
EndProject
Project("{9A19103F-16F7-4668-BE54-9A1E7A4F7556}") = "ISP", "SOLID\ISP\ISP.csproj", "{4FE3F7D5-8204-469C-98DE-7000EC96EA07}"
EndProject
Project("{9A19103F-16F7-4668-BE54-9A1E7A4F7556}") = "DIP", "SOLID\DIP\DIP.csproj", "{995E627F-08DF-4101-B399-F3CBE2DBA816}"
EndProject
Project("{2150E333-8FDC-42A3-9474-1A3956D46DE8}") = "Builder", "Builder", "{77B03D97-41CC-45B1-9C70-6326B050025F}"
EndProject
Project("{9A19103F-16F7-4668-BE54-9A1E7A4F7556}") = "BuilderBasic", "Builder\BuilderBasic\BuilderBasic.csproj", "{8EA44097-E70A-4B05-9183-BAB37E37571C}"
EndProject
Project("{9A19103F-16F7-4668-BE54-9A1E7A4F7556}") = "BuilderInheritance", "Builder\BuilderInheritance\BuilderInheritance.csproj", "{E211BA3D-7650-48D9-B3FF-7735402FD2F1}"
EndProject
Project("{9A19103F-16F7-4668-BE54-9A1E7A4F7556}") = "FunctionalBuilder", "Builder\FunctionalBuilder\FunctionalBuilder.csproj", "{C7ABB7B9-02F1-47F8-BFBF-487D8E6F1EC9}"
EndProject
Project("{9A19103F-16F7-4668-BE54-9A1E7A4F7556}") = "BuilderFacets", "Builder\BuilderFacets\BuilderFacets.csproj", "{789BB9A5-E55E-471F-AB41-6C53EF1458AA}"
EndProject
Project("{2150E333-8FDC-42A3-9474-1A3956D46DE8}") = "Factories", "Factories", "{68539425-61D2-4F8B-A455-7F390557CBB7}"
EndProject
Project("{9A19103F-16F7-4668-BE54-9A1E7A4F7556}") = "Factory", "Factories\Factory\Factory.csproj", "{2A909915-4876-4CAD-A2F8-1724671D251C}"
EndProject
Project("{9A19103F-16F7-4668-BE54-9A1E7A4F7556}") = "AbstractFactory", "Factories\AbstractFactory\AbstractFactory.csproj", "{E0F7FB90-1777-4635-8D58-AD1B22E331E0}"
EndProject
Project("{2150E333-8FDC-42A3-9474-1A3956D46DE8}") = "Structural", "Structural", "{AECBFA50-ADEC-49E4-AF94-CF5058908EF7}"
EndProject
Project("{2150E333-8FDC-42A3-9474-1A3956D46DE8}") = "Facad", "Facad", "{82F39A96-1D77-4529-AF44-8785D7E874DD}"
EndProject
Project("{FAE04EC0-301F-11D3-BF4B-00C04F79EFBC}") = "FacadExcercise", "Structural\Facad\FacadExcercise\FacadExcercise.csproj", "{2678672E-A65A-4D96-A6A1-A918F415B744}"
EndProject
Project("{2150E333-8FDC-42A3-9474-1A3956D46DE8}") = "Creational", "Creational", "{3D6DA124-F0D7-450E-9FC0-A6F55993B0C0}"
EndProject
Global
	GlobalSection(SolutionConfigurationPlatforms) = preSolution
		Debug|Any CPU = Debug|Any CPU
		Release|Any CPU = Release|Any CPU
	EndGlobalSection
	GlobalSection(ProjectConfigurationPlatforms) = postSolution
		{B1BC01C9-C2AC-4441-9F34-194F9125F085}.Debug|Any CPU.ActiveCfg = Debug|Any CPU
		{B1BC01C9-C2AC-4441-9F34-194F9125F085}.Debug|Any CPU.Build.0 = Debug|Any CPU
		{B1BC01C9-C2AC-4441-9F34-194F9125F085}.Release|Any CPU.ActiveCfg = Release|Any CPU
		{B1BC01C9-C2AC-4441-9F34-194F9125F085}.Release|Any CPU.Build.0 = Release|Any CPU
		{990CD0FE-4277-4AB9-9BF2-A6F59823B6C7}.Debug|Any CPU.ActiveCfg = Debug|Any CPU
		{990CD0FE-4277-4AB9-9BF2-A6F59823B6C7}.Debug|Any CPU.Build.0 = Debug|Any CPU
		{990CD0FE-4277-4AB9-9BF2-A6F59823B6C7}.Release|Any CPU.ActiveCfg = Release|Any CPU
		{990CD0FE-4277-4AB9-9BF2-A6F59823B6C7}.Release|Any CPU.Build.0 = Release|Any CPU
		{9EA8E49C-B27E-4DC0-962F-62A86A9786DE}.Debug|Any CPU.ActiveCfg = Debug|Any CPU
		{9EA8E49C-B27E-4DC0-962F-62A86A9786DE}.Debug|Any CPU.Build.0 = Debug|Any CPU
		{9EA8E49C-B27E-4DC0-962F-62A86A9786DE}.Release|Any CPU.ActiveCfg = Release|Any CPU
		{9EA8E49C-B27E-4DC0-962F-62A86A9786DE}.Release|Any CPU.Build.0 = Release|Any CPU
		{4FE3F7D5-8204-469C-98DE-7000EC96EA07}.Debug|Any CPU.ActiveCfg = Debug|Any CPU
		{4FE3F7D5-8204-469C-98DE-7000EC96EA07}.Debug|Any CPU.Build.0 = Debug|Any CPU
		{4FE3F7D5-8204-469C-98DE-7000EC96EA07}.Release|Any CPU.ActiveCfg = Release|Any CPU
		{4FE3F7D5-8204-469C-98DE-7000EC96EA07}.Release|Any CPU.Build.0 = Release|Any CPU
		{995E627F-08DF-4101-B399-F3CBE2DBA816}.Debug|Any CPU.ActiveCfg = Debug|Any CPU
		{995E627F-08DF-4101-B399-F3CBE2DBA816}.Debug|Any CPU.Build.0 = Debug|Any CPU
		{995E627F-08DF-4101-B399-F3CBE2DBA816}.Release|Any CPU.ActiveCfg = Release|Any CPU
		{995E627F-08DF-4101-B399-F3CBE2DBA816}.Release|Any CPU.Build.0 = Release|Any CPU
		{8EA44097-E70A-4B05-9183-BAB37E37571C}.Debug|Any CPU.ActiveCfg = Debug|Any CPU
		{8EA44097-E70A-4B05-9183-BAB37E37571C}.Debug|Any CPU.Build.0 = Debug|Any CPU
		{8EA44097-E70A-4B05-9183-BAB37E37571C}.Release|Any CPU.ActiveCfg = Release|Any CPU
		{8EA44097-E70A-4B05-9183-BAB37E37571C}.Release|Any CPU.Build.0 = Release|Any CPU
		{E211BA3D-7650-48D9-B3FF-7735402FD2F1}.Debug|Any CPU.ActiveCfg = Debug|Any CPU
		{E211BA3D-7650-48D9-B3FF-7735402FD2F1}.Debug|Any CPU.Build.0 = Debug|Any CPU
		{E211BA3D-7650-48D9-B3FF-7735402FD2F1}.Release|Any CPU.ActiveCfg = Release|Any CPU
		{E211BA3D-7650-48D9-B3FF-7735402FD2F1}.Release|Any CPU.Build.0 = Release|Any CPU
		{C7ABB7B9-02F1-47F8-BFBF-487D8E6F1EC9}.Debug|Any CPU.ActiveCfg = Debug|Any CPU
		{C7ABB7B9-02F1-47F8-BFBF-487D8E6F1EC9}.Debug|Any CPU.Build.0 = Debug|Any CPU
		{C7ABB7B9-02F1-47F8-BFBF-487D8E6F1EC9}.Release|Any CPU.ActiveCfg = Release|Any CPU
		{C7ABB7B9-02F1-47F8-BFBF-487D8E6F1EC9}.Release|Any CPU.Build.0 = Release|Any CPU
		{789BB9A5-E55E-471F-AB41-6C53EF1458AA}.Debug|Any CPU.ActiveCfg = Debug|Any CPU
		{789BB9A5-E55E-471F-AB41-6C53EF1458AA}.Debug|Any CPU.Build.0 = Debug|Any CPU
		{789BB9A5-E55E-471F-AB41-6C53EF1458AA}.Release|Any CPU.ActiveCfg = Release|Any CPU
		{789BB9A5-E55E-471F-AB41-6C53EF1458AA}.Release|Any CPU.Build.0 = Release|Any CPU
		{2A909915-4876-4CAD-A2F8-1724671D251C}.Debug|Any CPU.ActiveCfg = Debug|Any CPU
		{2A909915-4876-4CAD-A2F8-1724671D251C}.Debug|Any CPU.Build.0 = Debug|Any CPU
		{2A909915-4876-4CAD-A2F8-1724671D251C}.Release|Any CPU.ActiveCfg = Release|Any CPU
		{2A909915-4876-4CAD-A2F8-1724671D251C}.Release|Any CPU.Build.0 = Release|Any CPU
		{E0F7FB90-1777-4635-8D58-AD1B22E331E0}.Debug|Any CPU.ActiveCfg = Debug|Any CPU
		{E0F7FB90-1777-4635-8D58-AD1B22E331E0}.Debug|Any CPU.Build.0 = Debug|Any CPU
		{E0F7FB90-1777-4635-8D58-AD1B22E331E0}.Release|Any CPU.ActiveCfg = Release|Any CPU
		{E0F7FB90-1777-4635-8D58-AD1B22E331E0}.Release|Any CPU.Build.0 = Release|Any CPU
		{2678672E-A65A-4D96-A6A1-A918F415B744}.Debug|Any CPU.ActiveCfg = Debug|Any CPU
		{2678672E-A65A-4D96-A6A1-A918F415B744}.Debug|Any CPU.Build.0 = Debug|Any CPU
		{2678672E-A65A-4D96-A6A1-A918F415B744}.Release|Any CPU.ActiveCfg = Release|Any CPU
		{2678672E-A65A-4D96-A6A1-A918F415B744}.Release|Any CPU.Build.0 = Release|Any CPU
	EndGlobalSection
	GlobalSection(SolutionProperties) = preSolution
		HideSolutionNode = FALSE
	EndGlobalSection
	GlobalSection(NestedProjects) = preSolution
		{B1BC01C9-C2AC-4441-9F34-194F9125F085} = {C63DFE4E-3015-430D-9545-16C7915D7F54}
		{990CD0FE-4277-4AB9-9BF2-A6F59823B6C7} = {C63DFE4E-3015-430D-9545-16C7915D7F54}
		{9EA8E49C-B27E-4DC0-962F-62A86A9786DE} = {C63DFE4E-3015-430D-9545-16C7915D7F54}
		{4FE3F7D5-8204-469C-98DE-7000EC96EA07} = {C63DFE4E-3015-430D-9545-16C7915D7F54}
		{995E627F-08DF-4101-B399-F3CBE2DBA816} = {C63DFE4E-3015-430D-9545-16C7915D7F54}
		{77B03D97-41CC-45B1-9C70-6326B050025F} = {3D6DA124-F0D7-450E-9FC0-A6F55993B0C0}
		{8EA44097-E70A-4B05-9183-BAB37E37571C} = {77B03D97-41CC-45B1-9C70-6326B050025F}
		{E211BA3D-7650-48D9-B3FF-7735402FD2F1} = {77B03D97-41CC-45B1-9C70-6326B050025F}
		{C7ABB7B9-02F1-47F8-BFBF-487D8E6F1EC9} = {77B03D97-41CC-45B1-9C70-6326B050025F}
		{789BB9A5-E55E-471F-AB41-6C53EF1458AA} = {77B03D97-41CC-45B1-9C70-6326B050025F}
		{68539425-61D2-4F8B-A455-7F390557CBB7} = {3D6DA124-F0D7-450E-9FC0-A6F55993B0C0}
		{2A909915-4876-4CAD-A2F8-1724671D251C} = {68539425-61D2-4F8B-A455-7F390557CBB7}
		{E0F7FB90-1777-4635-8D58-AD1B22E331E0} = {68539425-61D2-4F8B-A455-7F390557CBB7}
		{82F39A96-1D77-4529-AF44-8785D7E874DD} = {AECBFA50-ADEC-49E4-AF94-CF5058908EF7}
		{2678672E-A65A-4D96-A6A1-A918F415B744} = {82F39A96-1D77-4529-AF44-8785D7E874DD}
	EndGlobalSection
	GlobalSection(ExtensibilityGlobals) = postSolution
		SolutionGuid = {18BB1006-7B6D-444B-997B-B5346879195A}
	EndGlobalSection
EndGlobal
